github.com/soypat/natiu-mqtt v0.5.1 h1:rwaDmlvjzD2+3MCOjMZc4QEkDkNwDzbct2TJbpz+TPc=
github.com/soypat/natiu-mqtt v0.5.1/go.mod h1:xEta+cwop9izVCW7xOx2W+ct9PRMqr0gNVkvBPnQTc4=
github.com/soypat/seqs v0.0.0-20240116042257-a699b4ea0e64 h1:OUwvLLiG1MmHR0iySjb2QQKNilZDbCMbK7zny1alWZ0=
github.com/soypat/seqs v0.0.0-20240116042257-a699b4ea0e64/go.mod h1:oCVCNGCHMKoBj97Zp9znLbQ1nHxpkmOY9X+UAGzOxc8=
github.com/soypat/seqs v0.0.0-20240308030925-3034cafd7839 h1:ensb4+PYqFDdo728fPedSkzoDXYVxrNFSPu2oHzP/lE=
github.com/soypat/seqs v0.0.0-20240308030925-3034cafd7839/go.mod h1:oCVCNGCHMKoBj97Zp9znLbQ1nHxpkmOY9X+UAGzOxc8=
github.com/soypat/seqs v0.0.0-20240315041335-3dd1de606d2f h1:lONveayNmHEWUmDxfGnqd3Ww8/1QhQpwBoEXNyWZuBI=
github.com/soypat/seqs v0.0.0-20240315041335-3dd1de606d2f/go.mod h1:oCVCNGCHMKoBj97Zp9znLbQ1nHxpkmOY9X+UAGzOxc8=
github.com/soypat/seqs v0.0.0-20240421220819-60c7db9451e0 h1:BtFPCzuftncM7uAV8vgeVxJUupMoSmk9U5m8Xfihg7w=
github.com/soypat/seqs v0.0.0-20240421220819-60c7db9451e0/go.mod h1:oCVCNGCHMKoBj97Zp9znLbQ1nHxpkmOY9X+UAGzOxc8=
golang.org/x/sys v0.17.0 h1:25cE3gD+tdBA7lp7QfhuV+rJiE9YXTcS3VG1SqssI/Y=
golang.org/x/sys v0.17.0/go.mod h1:/VUhepiaJMQUp4+oa/7Zr1D23ma6VTLIYjOOTFZPUcA=
